# THIS IS AN AUTOGENERATED FILE. DO NOT EDIT THIS FILE DIRECTLY.
# yarn lockfile v1


esm@^3.2.4:
  version "3.2.4"
  resolved "https://registry.yarnpkg.com/esm/-/esm-3.2.4.tgz#0b728b5d6043061bf552197407bf2c630717812b"
  integrity sha512-wOuWtQCkkwD1WKQN/k3RsyGSSN+AmiUzdKftn8vaC+uV9JesYmQlODJxgXaaRz0LaaFIlUxZaUu5NPiUAjKAAA==
